// !$*UTF8*$!
{
	archiveVersion = 1;
	classes = {
	};
	objectVersion = 50;
	objects = {

/* Begin PBXBuildFile section */
		FA03A75B22B97A74008EA1EF /* Workouts.storyboard in Resources */ = {isa = PBXBuildFile; fileRef = FA03A75922B97A73008EA1EF /* Workouts.storyboard */; };
		FA03A75D22B97B07008EA1EF /* Logs.storyboard in Resources */ = {isa = PBXBuildFile; fileRef = FA03A75C22B97B07008EA1EF /* Logs.storyboard */; };
		FA03A76022B97B7D008EA1EF /* Exercises.storyboard in Resources */ = {isa = PBXBuildFile; fileRef = FA03A75E22B97B7D008EA1EF /* Exercises.storyboard */; };
		FA03A76222B982CA008EA1EF /* MyParameters.storyboard in Resources */ = {isa = PBXBuildFile; fileRef = FA03A76122B982CA008EA1EF /* MyParameters.storyboard */; };
		FA03A76522B98FDC008EA1EF /* ViewController+DisplayAlert.swift in Sources */ = {isa = PBXBuildFile; fileRef = FA03A76422B98FDC008EA1EF /* ViewController+DisplayAlert.swift */; };
		FA1BFB9820FAA42C003C1324 /* InitialDataTableViewController.swift in Sources */ = {isa = PBXBuildFile; fileRef = FA1BFB9720FAA42C003C1324 /* InitialDataTableViewController.swift */; };
		FA1BFB9C20FAB391003C1324 /* MainTabBarController.swift in Sources */ = {isa = PBXBuildFile; fileRef = FA1BFB9B20FAB391003C1324 /* MainTabBarController.swift */; };
		FA2D4C3F2107F92600FF2A9A /* StoredData.swift in Sources */ = {isa = PBXBuildFile; fileRef = FA2D4C3E2107F92600FF2A9A /* StoredData.swift */; };
		FA2D4C43210A550300FF2A9A /* UserDataViewController.swift in Sources */ = {isa = PBXBuildFile; fileRef = FA2D4C42210A550300FF2A9A /* UserDataViewController.swift */; };
		FA2D4C472113AC2D00FF2A9A /* DataTableViewCell.swift in Sources */ = {isa = PBXBuildFile; fileRef = FA2D4C452113AC2D00FF2A9A /* DataTableViewCell.swift */; };
		FA2D4C482113AC2D00FF2A9A /* DataTableViewCell.xib in Resources */ = {isa = PBXBuildFile; fileRef = FA2D4C462113AC2D00FF2A9A /* DataTableViewCell.xib */; };
		FA2D4C4C2117570200FF2A9A /* AddingNewMeasureTableViewController.swift in Sources */ = {isa = PBXBuildFile; fileRef = FA2D4C4B2117570200FF2A9A /* AddingNewMeasureTableViewController.swift */; };
		FA43317F213DDD2F00378004 /* ExercisesViewController.swift in Sources */ = {isa = PBXBuildFile; fileRef = FA43317E213DDD2F00378004 /* ExercisesViewController.swift */; };
		FA433181213DDE2700378004 /* WorkoutsViewController.swift in Sources */ = {isa = PBXBuildFile; fileRef = FA433180213DDE2700378004 /* WorkoutsViewController.swift */; };
		FA433183213DE2E300378004 /* LogsViewController.swift in Sources */ = {isa = PBXBuildFile; fileRef = FA433182213DE2E300378004 /* LogsViewController.swift */; };
		FA6757FC2100EEAD0009A848 /* UserData.swift in Sources */ = {isa = PBXBuildFile; fileRef = FA6757FB2100EEAD0009A848 /* UserData.swift */; };
		FA9FABA8225D2D5F0089804D /* Settings.storyboard in Resources */ = {isa = PBXBuildFile; fileRef = FA9FABA7225D2D5F0089804D /* Settings.storyboard */; };
		FAC91D3320CD890000E301B2 /* AppDelegate.swift in Sources */ = {isa = PBXBuildFile; fileRef = FAC91D3220CD890000E301B2 /* AppDelegate.swift */; };
		FAC91D3820CD890000E301B2 /* Main.storyboard in Resources */ = {isa = PBXBuildFile; fileRef = FAC91D3620CD890000E301B2 /* Main.storyboard */; };
		FAC91D3B20CD890000E301B2 /* Fit4Life.xcdatamodeld in Sources */ = {isa = PBXBuildFile; fileRef = FAC91D3920CD890000E301B2 /* Fit4Life.xcdatamodeld */; };
		FAC91D3D20CD890100E301B2 /* Assets.xcassets in Resources */ = {isa = PBXBuildFile; fileRef = FAC91D3C20CD890100E301B2 /* Assets.xcassets */; };
		FAC91D4020CD890100E301B2 /* LaunchScreen.storyboard in Resources */ = {isa = PBXBuildFile; fileRef = FAC91D3E20CD890100E301B2 /* LaunchScreen.storyboard */; };
/* End PBXBuildFile section */

/* Begin PBXFileReference section */
		FA03A75A22B97A73008EA1EF /* Base */ = {isa = PBXFileReference; lastKnownFileType = file.storyboard; name = Base; path = Fit4Life/View/Base.lproj/Workouts.storyboard; sourceTree = "<group>"; };
		FA03A75C22B97B07008EA1EF /* Logs.storyboard */ = {isa = PBXFileReference; fileEncoding = 4; lastKnownFileType = file.storyboard; path = Logs.storyboard; sourceTree = "<group>"; };
		FA03A75F22B97B7D008EA1EF /* Base */ = {isa = PBXFileReference; lastKnownFileType = file.storyboard; name = Base; path = Fit4Life/View/Base.lproj/Exercises.storyboard; sourceTree = "<group>"; };
		FA03A76122B982CA008EA1EF /* MyParameters.storyboard */ = {isa = PBXFileReference; fileEncoding = 4; lastKnownFileType = file.storyboard; path = MyParameters.storyboard; sourceTree = "<group>"; };
		FA03A76422B98FDC008EA1EF /* ViewController+DisplayAlert.swift */ = {isa = PBXFileReference; lastKnownFileType = sourcecode.swift; path = "ViewController+DisplayAlert.swift"; sourceTree = "<group>"; };
		FA1BFB9720FAA42C003C1324 /* InitialDataTableViewController.swift */ = {isa = PBXFileReference; lastKnownFileType = sourcecode.swift; path = InitialDataTableViewController.swift; sourceTree = "<group>"; };
		FA1BFB9B20FAB391003C1324 /* MainTabBarController.swift */ = {isa = PBXFileReference; lastKnownFileType = sourcecode.swift; path = MainTabBarController.swift; sourceTree = "<group>"; };
		FA2D4C3E2107F92600FF2A9A /* StoredData.swift */ = {isa = PBXFileReference; lastKnownFileType = sourcecode.swift; path = StoredData.swift; sourceTree = "<group>"; };
		FA2D4C42210A550300FF2A9A /* UserDataViewController.swift */ = {isa = PBXFileReference; lastKnownFileType = sourcecode.swift; path = UserDataViewController.swift; sourceTree = "<group>"; };
		FA2D4C452113AC2D00FF2A9A /* DataTableViewCell.swift */ = {isa = PBXFileReference; lastKnownFileType = sourcecode.swift; path = DataTableViewCell.swift; sourceTree = "<group>"; };
		FA2D4C462113AC2D00FF2A9A /* DataTableViewCell.xib */ = {isa = PBXFileReference; lastKnownFileType = file.xib; path = DataTableViewCell.xib; sourceTree = "<group>"; };
		FA2D4C4B2117570200FF2A9A /* AddingNewMeasureTableViewController.swift */ = {isa = PBXFileReference; lastKnownFileType = sourcecode.swift; path = AddingNewMeasureTableViewController.swift; sourceTree = "<group>"; };
		FA43317E213DDD2F00378004 /* ExercisesViewController.swift */ = {isa = PBXFileReference; lastKnownFileType = sourcecode.swift; path = ExercisesViewController.swift; sourceTree = "<group>"; };
		FA433180213DDE2700378004 /* WorkoutsViewController.swift */ = {isa = PBXFileReference; lastKnownFileType = sourcecode.swift; path = WorkoutsViewController.swift; sourceTree = "<group>"; };
		FA433182213DE2E300378004 /* LogsViewController.swift */ = {isa = PBXFileReference; lastKnownFileType = sourcecode.swift; path = LogsViewController.swift; sourceTree = "<group>"; };
		FA6757FB2100EEAD0009A848 /* UserData.swift */ = {isa = PBXFileReference; lastKnownFileType = sourcecode.swift; path = UserData.swift; sourceTree = "<group>"; };
		FA9FABA7225D2D5F0089804D /* Settings.storyboard */ = {isa = PBXFileReference; lastKnownFileType = file.storyboard; path = Settings.storyboard; sourceTree = "<group>"; };
		FAC91D2F20CD890000E301B2 /* Fit4Life.app */ = {isa = PBXFileReference; explicitFileType = wrapper.application; includeInIndex = 0; path = Fit4Life.app; sourceTree = BUILT_PRODUCTS_DIR; };
		FAC91D3220CD890000E301B2 /* AppDelegate.swift */ = {isa = PBXFileReference; lastKnownFileType = sourcecode.swift; path = AppDelegate.swift; sourceTree = "<group>"; };
		FAC91D3720CD890000E301B2 /* Base */ = {isa = PBXFileReference; lastKnownFileType = file.storyboard; name = Base; path = Base.lproj/Main.storyboard; sourceTree = "<group>"; };
		FAC91D3A20CD890000E301B2 /* Fit4Life.xcdatamodel */ = {isa = PBXFileReference; lastKnownFileType = wrapper.xcdatamodel; path = Fit4Life.xcdatamodel; sourceTree = "<group>"; };
		FAC91D3C20CD890100E301B2 /* Assets.xcassets */ = {isa = PBXFileReference; lastKnownFileType = folder.assetcatalog; path = Assets.xcassets; sourceTree = "<group>"; };
		FAC91D3F20CD890100E301B2 /* Base */ = {isa = PBXFileReference; lastKnownFileType = file.storyboard; name = Base; path = Base.lproj/LaunchScreen.storyboard; sourceTree = "<group>"; };
		FAC91D4120CD890100E301B2 /* Info.plist */ = {isa = PBXFileReference; lastKnownFileType = text.plist.xml; path = Info.plist; sourceTree = "<group>"; };
/* End PBXFileReference section */

/* Begin PBXFrameworksBuildPhase section */
		FAC91D2C20CD890000E301B2 /* Frameworks */ = {
			isa = PBXFrameworksBuildPhase;
			buildActionMask = 2147483647;
			files = (
			);
			runOnlyForDeploymentPostprocessing = 0;
		};
/* End PBXFrameworksBuildPhase section */

/* Begin PBXGroup section */
		FA03A76322B98633008EA1EF /* Extensions */ = {
			isa = PBXGroup;
			children = (
				FA03A76422B98FDC008EA1EF /* ViewController+DisplayAlert.swift */,
			);
			path = Extensions;
			sourceTree = "<group>";
		};
		FA1BFB9620FAA39E003C1324 /* Initial Entry */ = {
			isa = PBXGroup;
			children = (
				FA1BFB9720FAA42C003C1324 /* InitialDataTableViewController.swift */,
			);
			path = "Initial Entry";
			sourceTree = "<group>";
		};
		FA1BFB9920FAA89A003C1324 /* User Data Model */ = {
			isa = PBXGroup;
			children = (
				FA6757FB2100EEAD0009A848 /* UserData.swift */,
			);
			path = "User Data Model";
			sourceTree = "<group>";
		};
		FA2D4C3D2107F8E700FF2A9A /* Data */ = {
			isa = PBXGroup;
			children = (
				FA1BFB9920FAA89A003C1324 /* User Data Model */,
				FA2D4C3E2107F92600FF2A9A /* StoredData.swift */,
			);
			path = Data;
			sourceTree = "<group>";
		};
		FA2D4C4421139BD700FF2A9A /* User Data Cell */ = {
			isa = PBXGroup;
			children = (
				FA2D4C452113AC2D00FF2A9A /* DataTableViewCell.swift */,
				FA2D4C462113AC2D00FF2A9A /* DataTableViewCell.xib */,
			);
			path = "User Data Cell";
			sourceTree = "<group>";
		};
		FA2D4C4A2117567900FF2A9A /* Adding New Measure */ = {
			isa = PBXGroup;
			children = (
				FA2D4C4B2117570200FF2A9A /* AddingNewMeasureTableViewController.swift */,
			);
			path = "Adding New Measure";
			sourceTree = "<group>";
		};
		FA43317A213DDC6000378004 /* Main Tab Bar */ = {
			isa = PBXGroup;
			children = (
				FA1BFB9B20FAB391003C1324 /* MainTabBarController.swift */,
			);
			path = "Main Tab Bar";
			sourceTree = "<group>";
		};
		FA9FABA2225D24680089804D /* Controllers */ = {
			isa = PBXGroup;
			children = (
				FA43317A213DDC6000378004 /* Main Tab Bar */,
				FA1BFB9620FAA39E003C1324 /* Initial Entry */,
				FA43317E213DDD2F00378004 /* ExercisesViewController.swift */,
				FA433180213DDE2700378004 /* WorkoutsViewController.swift */,
				FA433182213DE2E300378004 /* LogsViewController.swift */,
				FA2D4C42210A550300FF2A9A /* UserDataViewController.swift */,
				FA2D4C4A2117567900FF2A9A /* Adding New Measure */,
			);
			path = Controllers;
			sourceTree = "<group>";
		};
		FA9FABA3225D24790089804D /* Model */ = {
			isa = PBXGroup;
			children = (
				FA2D4C3D2107F8E700FF2A9A /* Data */,
			);
			path = Model;
			sourceTree = "<group>";
		};
		FA9FABA4225D27A30089804D /* View */ = {
			isa = PBXGroup;
			children = (
				FAC91D3620CD890000E301B2 /* Main.storyboard */,
				FA03A75E22B97B7D008EA1EF /* Exercises.storyboard */,
				FA03A75922B97A73008EA1EF /* Workouts.storyboard */,
				FA03A75C22B97B07008EA1EF /* Logs.storyboard */,
				FA03A76122B982CA008EA1EF /* MyParameters.storyboard */,
				FA9FABA7225D2D5F0089804D /* Settings.storyboard */,
			);
			path = View;
			sourceTree = "<group>";
		};
		FA9FABA5225D28C60089804D /* Supporting Files */ = {
			isa = PBXGroup;
			children = (
				FAC91D4120CD890100E301B2 /* Info.plist */,
				FAC91D3920CD890000E301B2 /* Fit4Life.xcdatamodeld */,
			);
			path = "Supporting Files";
			sourceTree = "<group>";
		};
		FA9FABA6225D295F0089804D /* TableView Cells */ = {
			isa = PBXGroup;
			children = (
				FA2D4C4421139BD700FF2A9A /* User Data Cell */,
			);
			path = "TableView Cells";
			sourceTree = "<group>";
		};
		FAC91D2620CD890000E301B2 = {
			isa = PBXGroup;
			children = (
				FAC91D3120CD890000E301B2 /* Fit4Life */,
				FAC91D3C20CD890100E301B2 /* Assets.xcassets */,
				FA9FABA5225D28C60089804D /* Supporting Files */,
				FAC91D3220CD890000E301B2 /* AppDelegate.swift */,
				FAC91D3E20CD890100E301B2 /* LaunchScreen.storyboard */,
				FAC91D3020CD890000E301B2 /* Products */,
			);
			sourceTree = "<group>";
		};
		FAC91D3020CD890000E301B2 /* Products */ = {
			isa = PBXGroup;
			children = (
				FAC91D2F20CD890000E301B2 /* Fit4Life.app */,
			);
			name = Products;
			sourceTree = "<group>";
		};
		FAC91D3120CD890000E301B2 /* Fit4Life */ = {
			isa = PBXGroup;
			children = (
				FA9FABA4225D27A30089804D /* View */,
				FA9FABA2225D24680089804D /* Controllers */,
				FA9FABA6225D295F0089804D /* TableView Cells */,
				FA03A76322B98633008EA1EF /* Extensions */,
				FA9FABA3225D24790089804D /* Model */,
			);
			path = Fit4Life;
			sourceTree = "<group>";
		};
/* End PBXGroup section */

/* Begin PBXNativeTarget section */
		FAC91D2E20CD890000E301B2 /* Fit4Life */ = {
			isa = PBXNativeTarget;
			buildConfigurationList = FAC91D4420CD890100E301B2 /* Build configuration list for PBXNativeTarget "Fit4Life" */;
			buildPhases = (
				FAC91D2B20CD890000E301B2 /* Sources */,
				FAC91D2C20CD890000E301B2 /* Frameworks */,
				FAC91D2D20CD890000E301B2 /* Resources */,
			);
			buildRules = (
			);
			dependencies = (
			);
			name = Fit4Life;
			productName = Fit4Life;
			productReference = FAC91D2F20CD890000E301B2 /* Fit4Life.app */;
			productType = "com.apple.product-type.application";
		};
/* End PBXNativeTarget section */

/* Begin PBXProject section */
		FAC91D2720CD890000E301B2 /* Project object */ = {
			isa = PBXProject;
			attributes = {
				LastSwiftUpdateCheck = 0940;
				LastUpgradeCheck = 0940;
				ORGANIZATIONNAME = Alex;
				TargetAttributes = {
					FAC91D2E20CD890000E301B2 = {
						CreatedOnToolsVersion = 9.4;
						LastSwiftMigration = 1020;
					};
				};
			};
			buildConfigurationList = FAC91D2A20CD890000E301B2 /* Build configuration list for PBXProject "Fit4Life" */;
			compatibilityVersion = "Xcode 9.3";
			developmentRegion = en;
			hasScannedForEncodings = 0;
			knownRegions = (
				en,
				Base,
			);
			mainGroup = FAC91D2620CD890000E301B2;
			productRefGroup = FAC91D3020CD890000E301B2 /* Products */;
			projectDirPath = "";
			projectRoot = "";
			targets = (
				FAC91D2E20CD890000E301B2 /* Fit4Life */,
			);
		};
/* End PBXProject section */

/* Begin PBXResourcesBuildPhase section */
		FAC91D2D20CD890000E301B2 /* Resources */ = {
			isa = PBXResourcesBuildPhase;
			buildActionMask = 2147483647;
			files = (
				FAC91D4020CD890100E301B2 /* LaunchScreen.storyboard in Resources */,
				FAC91D3D20CD890100E301B2 /* Assets.xcassets in Resources */,
				FAC91D3820CD890000E301B2 /* Main.storyboard in Resources */,
				FA03A76222B982CA008EA1EF /* MyParameters.storyboard in Resources */,
				FA2D4C482113AC2D00FF2A9A /* DataTableViewCell.xib in Resources */,
				FA03A75B22B97A74008EA1EF /* Workouts.storyboard in Resources */,
				FA03A75D22B97B07008EA1EF /* Logs.storyboard in Resources */,
				FA03A76022B97B7D008EA1EF /* Exercises.storyboard in Resources */,
				FA9FABA8225D2D5F0089804D /* Settings.storyboard in Resources */,
			);
			runOnlyForDeploymentPostprocessing = 0;
		};
/* End PBXResourcesBuildPhase section */

/* Begin PBXSourcesBuildPhase section */
		FAC91D2B20CD890000E301B2 /* Sources */ = {
			isa = PBXSourcesBuildPhase;
			buildActionMask = 2147483647;
			files = (
				FA2D4C3F2107F92600FF2A9A /* StoredData.swift in Sources */,
				FA6757FC2100EEAD0009A848 /* UserData.swift in Sources */,
				FA1BFB9820FAA42C003C1324 /* InitialDataTableViewController.swift in Sources */,
				FA2D4C43210A550300FF2A9A /* UserDataViewController.swift in Sources */,
				FA03A76522B98FDC008EA1EF /* ViewController+DisplayAlert.swift in Sources */,
				FA43317F213DDD2F00378004 /* ExercisesViewController.swift in Sources */,
				FA433181213DDE2700378004 /* WorkoutsViewController.swift in Sources */,
				FA1BFB9C20FAB391003C1324 /* MainTabBarController.swift in Sources */,
				FAC91D3B20CD890000E301B2 /* Fit4Life.xcdatamodeld in Sources */,
				FAC91D3320CD890000E301B2 /* AppDelegate.swift in Sources */,
				FA2D4C472113AC2D00FF2A9A /* DataTableViewCell.swift in Sources */,
				FA2D4C4C2117570200FF2A9A /* AddingNewMeasureTableViewController.swift in Sources */,
				FA433183213DE2E300378004 /* LogsViewController.swift in Sources */,
			);
			runOnlyForDeploymentPostprocessing = 0;
		};
/* End PBXSourcesBuildPhase section */

/* Begin PBXVariantGroup section */
		FA03A75922B97A73008EA1EF /* Workouts.storyboard */ = {
			isa = PBXVariantGroup;
			children = (
				FA03A75A22B97A73008EA1EF /* Base */,
			);
			name = Workouts.storyboard;
			sourceTree = "<group>";
		};
		FA03A75E22B97B7D008EA1EF /* Exercises.storyboard */ = {
			isa = PBXVariantGroup;
			children = (
				FA03A75F22B97B7D008EA1EF /* Base */,
			);
			name = Exercises.storyboard;
			sourceTree = "<group>";
		};
		FAC91D3620CD890000E301B2 /* Main.storyboard */ = {
			isa = PBXVariantGroup;
			children = (
				FAC91D3720CD890000E301B2 /* Base */,
			);
			name = Main.storyboard;
			sourceTree = "<group>";
		};
		FAC91D3E20CD890100E301B2 /* LaunchScreen.storyboard */ = {
			isa = PBXVariantGroup;
			children = (
				FAC91D3F20CD890100E301B2 /* Base */,
			);
			name = LaunchScreen.storyboard;
			sourceTree = "<group>";
		};
/* End PBXVariantGroup section */

/* Begin XCBuildConfiguration section */
		FAC91D4220CD890100E301B2 /* Debug */ = {
			isa = XCBuildConfiguration;
			buildSettings = {
				ALWAYS_SEARCH_USER_PATHS = NO;
				CLANG_ANALYZER_NONNULL = YES;
				CLANG_ANALYZER_NUMBER_OBJECT_CONVERSION = YES_AGGRESSIVE;
				CLANG_CXX_LANGUAGE_STANDARD = "gnu++14";
				CLANG_CXX_LIBRARY = "libc++";
				CLANG_ENABLE_MODULES = YES;
				CLANG_ENABLE_OBJC_ARC = YES;
				CLANG_ENABLE_OBJC_WEAK = YES;
				CLANG_WARN_BLOCK_CAPTURE_AUTORELEASING = YES;
				CLANG_WARN_BOOL_CONVERSION = YES;
				CLANG_WARN_COMMA = YES;
				CLANG_WARN_CONSTANT_CONVERSION = YES;
				CLANG_WARN_DEPRECATED_OBJC_IMPLEMENTATIONS = YES;
				CLANG_WARN_DIRECT_OBJC_ISA_USAGE = YES_ERROR;
				CLANG_WARN_DOCUMENTATION_COMMENTS = YES;
				CLANG_WARN_EMPTY_BODY = YES;
				CLANG_WARN_ENUM_CONVERSION = YES;
				CLANG_WARN_INFINITE_RECURSION = YES;
				CLANG_WARN_INT_CONVERSION = YES;
				CLANG_WARN_NON_LITERAL_NULL_CONVERSION = YES;
				CLANG_WARN_OBJC_IMPLICIT_RETAIN_SELF = YES;
				CLANG_WARN_OBJC_LITERAL_CONVERSION = YES;
				CLANG_WARN_OBJC_ROOT_CLASS = YES_ERROR;
				CLANG_WARN_RANGE_LOOP_ANALYSIS = YES;
				CLANG_WARN_STRICT_PROTOTYPES = YES;
				CLANG_WARN_SUSPICIOUS_MOVE = YES;
				CLANG_WARN_UNGUARDED_AVAILABILITY = YES_AGGRESSIVE;
				CLANG_WARN_UNREACHABLE_CODE = YES;
				CLANG_WARN__DUPLICATE_METHOD_MATCH = YES;
				CODE_SIGN_IDENTITY = "iPhone Developer";
				COPY_PHASE_STRIP = NO;
				DEBUG_INFORMATION_FORMAT = dwarf;
				ENABLE_STRICT_OBJC_MSGSEND = YES;
				ENABLE_TESTABILITY = YES;
				GCC_C_LANGUAGE_STANDARD = gnu11;
				GCC_DYNAMIC_NO_PIC = NO;
				GCC_NO_COMMON_BLOCKS = YES;
				GCC_OPTIMIZATION_LEVEL = 0;
				GCC_PREPROCESSOR_DEFINITIONS = (
					"DEBUG=1",
					"$(inherited)",
				);
				GCC_WARN_64_TO_32_BIT_CONVERSION = YES;
				GCC_WARN_ABOUT_RETURN_TYPE = YES_ERROR;
				GCC_WARN_UNDECLARED_SELECTOR = YES;
				GCC_WARN_UNINITIALIZED_AUTOS = YES_AGGRESSIVE;
				GCC_WARN_UNUSED_FUNCTION = YES;
				GCC_WARN_UNUSED_VARIABLE = YES;
				IPHONEOS_DEPLOYMENT_TARGET = 11.4;
				MTL_ENABLE_DEBUG_INFO = YES;
				ONLY_ACTIVE_ARCH = YES;
				SDKROOT = iphoneos;
				SWIFT_ACTIVE_COMPILATION_CONDITIONS = DEBUG;
				SWIFT_OPTIMIZATION_LEVEL = "-Onone";
			};
			name = Debug;
		};
		FAC91D4320CD890100E301B2 /* Release */ = {
			isa = XCBuildConfiguration;
			buildSettings = {
				ALWAYS_SEARCH_USER_PATHS = NO;
				CLANG_ANALYZER_NONNULL = YES;
				CLANG_ANALYZER_NUMBER_OBJECT_CONVERSION = YES_AGGRESSIVE;
				CLANG_CXX_LANGUAGE_STANDARD = "gnu++14";
				CLANG_CXX_LIBRARY = "libc++";
				CLANG_ENABLE_MODULES = YES;
				CLANG_ENABLE_OBJC_ARC = YES;
				CLANG_ENABLE_OBJC_WEAK = YES;
				CLANG_WARN_BLOCK_CAPTURE_AUTORELEASING = YES;
				CLANG_WARN_BOOL_CONVERSION = YES;
				CLANG_WARN_COMMA = YES;
				CLANG_WARN_CONSTANT_CONVERSION = YES;
				CLANG_WARN_DEPRECATED_OBJC_IMPLEMENTATIONS = YES;
				CLANG_WARN_DIRECT_OBJC_ISA_USAGE = YES_ERROR;
				CLANG_WARN_DOCUMENTATION_COMMENTS = YES;
				CLANG_WARN_EMPTY_BODY = YES;
				CLANG_WARN_ENUM_CONVERSION = YES;
				CLANG_WARN_INFINITE_RECURSION = YES;
				CLANG_WARN_INT_CONVERSION = YES;
				CLANG_WARN_NON_LITERAL_NULL_CONVERSION = YES;
				CLANG_WARN_OBJC_IMPLICIT_RETAIN_SELF = YES;
				CLANG_WARN_OBJC_LITERAL_CONVERSION = YES;
				CLANG_WARN_OBJC_ROOT_CLASS = YES_ERROR;
				CLANG_WARN_RANGE_LOOP_ANALYSIS = YES;
				CLANG_WARN_STRICT_PROTOTYPES = YES;
				CLANG_WARN_SUSPICIOUS_MOVE = YES;
				CLANG_WARN_UNGUARDED_AVAILABILITY = YES_AGGRESSIVE;
				CLANG_WARN_UNREACHABLE_CODE = YES;
				CLANG_WARN__DUPLICATE_METHOD_MATCH = YES;
				CODE_SIGN_IDENTITY = "iPhone Developer";
				COPY_PHASE_STRIP = NO;
				DEBUG_INFORMATION_FORMAT = "dwarf-with-dsym";
				ENABLE_NS_ASSERTIONS = NO;
				ENABLE_STRICT_OBJC_MSGSEND = YES;
				GCC_C_LANGUAGE_STANDARD = gnu11;
				GCC_NO_COMMON_BLOCKS = YES;
				GCC_WARN_64_TO_32_BIT_CONVERSION = YES;
				GCC_WARN_ABOUT_RETURN_TYPE = YES_ERROR;
				GCC_WARN_UNDECLARED_SELECTOR = YES;
				GCC_WARN_UNINITIALIZED_AUTOS = YES_AGGRESSIVE;
				GCC_WARN_UNUSED_FUNCTION = YES;
				GCC_WARN_UNUSED_VARIABLE = YES;
				IPHONEOS_DEPLOYMENT_TARGET = 11.4;
				MTL_ENABLE_DEBUG_INFO = NO;
				SDKROOT = iphoneos;
				SWIFT_COMPILATION_MODE = wholemodule;
				SWIFT_OPTIMIZATION_LEVEL = "-O";
				VALIDATE_PRODUCT = YES;
			};
			name = Release;
		};
		FAC91D4520CD890100E301B2 /* Debug */ = {
			isa = XCBuildConfiguration;
			buildSettings = {
				ASSETCATALOG_COMPILER_APPICON_NAME = AppIcon;
				CODE_SIGN_STYLE = Automatic;
				DEVELOPMENT_TEAM = 663DYMD95T;
				INFOPLIST_FILE = "$(SRCROOT)/Supporting Files/Info.plist";
				LD_RUNPATH_SEARCH_PATHS = (
					"$(inherited)",
					"@executable_path/Frameworks",
				);
				PRODUCT_BUNDLE_IDENTIFIER = com.private.Fit4Life;
				PRODUCT_NAME = "$(TARGET_NAME)";
				SWIFT_VERSION = 5.0;
				TARGETED_DEVICE_FAMILY = "1,2";
			};
			name = Debug;
		};
		FAC91D4620CD890100E301B2 /* Release */ = {
			isa = XCBuildConfiguration;
			buildSettings = {
				ASSETCATALOG_COMPILER_APPICON_NAME = AppIcon;
				CODE_SIGN_STYLE = Automatic;
				DEVELOPMENT_TEAM = 663DYMD95T;
				INFOPLIST_FILE = "$(SRCROOT)/Supporting Files/Info.plist";
				LD_RUNPATH_SEARCH_PATHS = (
					"$(inherited)",
					"@executable_path/Frameworks",
				);
				PRODUCT_BUNDLE_IDENTIFIER = com.private.Fit4Life;
				PRODUCT_NAME = "$(TARGET_NAME)";
				SWIFT_VERSION = 5.0;
				TARGETED_DEVICE_FAMILY = "1,2";
			};
			name = Release;
		};
/* End XCBuildConfiguration section */

/* Begin XCConfigurationList section */
		FAC91D2A20CD890000E301B2 /* Build configuration list for PBXProject "Fit4Life" */ = {
			isa = XCConfigurationList;
			buildConfigurations = (
				FAC91D4220CD890100E301B2 /* Debug */,
				FAC91D4320CD890100E301B2 /* Release */,
			);
			defaultConfigurationIsVisible = 0;
			defaultConfigurationName = Release;
		};
		FAC91D4420CD890100E301B2 /* Build configuration list for PBXNativeTarget "Fit4Life" */ = {
			isa = XCConfigurationList;
			buildConfigurations = (
				FAC91D4520CD890100E301B2 /* Debug */,
				FAC91D4620CD890100E301B2 /* Release */,
			);
			defaultConfigurationIsVisible = 0;
			defaultConfigurationName = Release;
		};
/* End XCConfigurationList section */

/* Begin XCVersionGroup section */
		FAC91D3920CD890000E301B2 /* Fit4Life.xcdatamodeld */ = {
			isa = XCVersionGroup;
			children = (
				FAC91D3A20CD890000E301B2 /* Fit4Life.xcdatamodel */,
			);
			currentVersion = FAC91D3A20CD890000E301B2 /* Fit4Life.xcdatamodel */;
			path = Fit4Life.xcdatamodeld;
			sourceTree = "<group>";
			versionGroupType = wrapper.xcdatamodel;
		};
/* End XCVersionGroup section */
	};
	rootObject = FAC91D2720CD890000E301B2 /* Project object */;
}
