// !$*UTF8*$!
{
	archiveVersion = 1;
	classes = {
	};
	objectVersion = 50;
	objects = {

/* Begin PBXBuildFile section */
		FA1BFB9820FAA42C003C1324 /* InitialDataTableViewController.swift in Sources */ = {isa = PBXBuildFile; fileRef = FA1BFB9720FAA42C003C1324 /* InitialDataTableViewController.swift */; };
		FA1BFB9C20FAB391003C1324 /* MainTabBarController.swift in Sources */ = {isa = PBXBuildFile; fileRef = FA1BFB9B20FAB391003C1324 /* MainTabBarController.swift */; };
		FA6757F920FDFC8E0009A848 /* UserDataViewController.swift in Sources */ = {isa = PBXBuildFile; fileRef = FA6757F820FDFC8E0009A848 /* UserDataViewController.swift */; };
		FA6757FC2100EEAD0009A848 /* UserData.swift in Sources */ = {isa = PBXBuildFile; fileRef = FA6757FB2100EEAD0009A848 /* UserData.swift */; };
		FAC91D3320CD890000E301B2 /* AppDelegate.swift in Sources */ = {isa = PBXBuildFile; fileRef = FAC91D3220CD890000E301B2 /* AppDelegate.swift */; };
		FAC91D3820CD890000E301B2 /* Main.storyboard in Resources */ = {isa = PBXBuildFile; fileRef = FAC91D3620CD890000E301B2 /* Main.storyboard */; };
		FAC91D3B20CD890000E301B2 /* Fit4Life.xcdatamodeld in Sources */ = {isa = PBXBuildFile; fileRef = FAC91D3920CD890000E301B2 /* Fit4Life.xcdatamodeld */; };
		FAC91D3D20CD890100E301B2 /* Assets.xcassets in Resources */ = {isa = PBXBuildFile; fileRef = FAC91D3C20CD890100E301B2 /* Assets.xcassets */; };
		FAC91D4020CD890100E301B2 /* LaunchScreen.storyboard in Resources */ = {isa = PBXBuildFile; fileRef = FAC91D3E20CD890100E301B2 /* LaunchScreen.storyboard */; };
		FADAB18A20CDB71D0083D3A4 /* Icon-29.png in Resources */ = {isa = PBXBuildFile; fileRef = FADAB16C20CDB71D0083D3A4 /* Icon-29.png */; };
		FADAB18B20CDB71D0083D3A4 /* Icon-16.png in Resources */ = {isa = PBXBuildFile; fileRef = FADAB16D20CDB71D0083D3A4 /* Icon-16.png */; };
		FADAB18C20CDB71D0083D3A4 /* Icon-256.png in Resources */ = {isa = PBXBuildFile; fileRef = FADAB16E20CDB71D0083D3A4 /* Icon-256.png */; };
		FADAB18D20CDB71D0083D3A4 /* Icon-120.png in Resources */ = {isa = PBXBuildFile; fileRef = FADAB16F20CDB71D0083D3A4 /* Icon-120.png */; };
		FADAB18E20CDB71D0083D3A4 /* Icon-88.png in Resources */ = {isa = PBXBuildFile; fileRef = FADAB17020CDB71D0083D3A4 /* Icon-88.png */; };
		FADAB18F20CDB71D0083D3A4 /* Icon-144.png in Resources */ = {isa = PBXBuildFile; fileRef = FADAB17120CDB71D0083D3A4 /* Icon-144.png */; };
		FADAB19020CDB71D0083D3A4 /* Icon-76.png in Resources */ = {isa = PBXBuildFile; fileRef = FADAB17220CDB71D0083D3A4 /* Icon-76.png */; };
		FADAB19120CDB71D0083D3A4 /* Icon-60.png in Resources */ = {isa = PBXBuildFile; fileRef = FADAB17320CDB71D0083D3A4 /* Icon-60.png */; };
		FADAB19220CDB71D0083D3A4 /* Icon-48.png in Resources */ = {isa = PBXBuildFile; fileRef = FADAB17420CDB71D0083D3A4 /* Icon-48.png */; };
		FADAB19320CDB71D0083D3A4 /* Icon-1024.png in Resources */ = {isa = PBXBuildFile; fileRef = FADAB17520CDB71D0083D3A4 /* Icon-1024.png */; };
		FADAB19420CDB71D0083D3A4 /* Icon-152.png in Resources */ = {isa = PBXBuildFile; fileRef = FADAB17620CDB71D0083D3A4 /* Icon-152.png */; };
		FADAB19520CDB71D0083D3A4 /* Icon-180.png in Resources */ = {isa = PBXBuildFile; fileRef = FADAB17720CDB71D0083D3A4 /* Icon-180.png */; };
		FADAB19620CDB71D0083D3A4 /* Icon-64.png in Resources */ = {isa = PBXBuildFile; fileRef = FADAB17820CDB71D0083D3A4 /* Icon-64.png */; };
		FADAB19720CDB71D0083D3A4 /* Icon-58.png in Resources */ = {isa = PBXBuildFile; fileRef = FADAB17920CDB71D0083D3A4 /* Icon-58.png */; };
		FADAB19820CDB71D0083D3A4 /* Icon-72.png in Resources */ = {isa = PBXBuildFile; fileRef = FADAB17A20CDB71D0083D3A4 /* Icon-72.png */; };
		FADAB19920CDB71D0083D3A4 /* Icon-196.png in Resources */ = {isa = PBXBuildFile; fileRef = FADAB17B20CDB71D0083D3A4 /* Icon-196.png */; };
		FADAB19A20CDB71D0083D3A4 /* Icon-80.png in Resources */ = {isa = PBXBuildFile; fileRef = FADAB17C20CDB71D0083D3A4 /* Icon-80.png */; };
		FADAB19B20CDB71D0083D3A4 /* Icon-57.png in Resources */ = {isa = PBXBuildFile; fileRef = FADAB17D20CDB71D0083D3A4 /* Icon-57.png */; };
		FADAB19C20CDB71D0083D3A4 /* Icon-55.png in Resources */ = {isa = PBXBuildFile; fileRef = FADAB17E20CDB71D0083D3A4 /* Icon-55.png */; };
		FADAB19D20CDB71D0083D3A4 /* Icon-172.png in Resources */ = {isa = PBXBuildFile; fileRef = FADAB17F20CDB71D0083D3A4 /* Icon-172.png */; };
		FADAB19E20CDB71D0083D3A4 /* Icon-167.png in Resources */ = {isa = PBXBuildFile; fileRef = FADAB18020CDB71D0083D3A4 /* Icon-167.png */; };
		FADAB19F20CDB71D0083D3A4 /* Icon-40.png in Resources */ = {isa = PBXBuildFile; fileRef = FADAB18120CDB71D0083D3A4 /* Icon-40.png */; };
		FADAB1A020CDB71D0083D3A4 /* Icon-50.png in Resources */ = {isa = PBXBuildFile; fileRef = FADAB18220CDB71D0083D3A4 /* Icon-50.png */; };
		FADAB1A120CDB71D0083D3A4 /* Icon-87.png in Resources */ = {isa = PBXBuildFile; fileRef = FADAB18320CDB71D0083D3A4 /* Icon-87.png */; };
		FADAB1A220CDB71D0083D3A4 /* Icon-20.png in Resources */ = {isa = PBXBuildFile; fileRef = FADAB18420CDB71D0083D3A4 /* Icon-20.png */; };
		FADAB1A320CDB71D0083D3A4 /* Icon-128.png in Resources */ = {isa = PBXBuildFile; fileRef = FADAB18520CDB71D0083D3A4 /* Icon-128.png */; };
		FADAB1A420CDB71D0083D3A4 /* Icon-100.png in Resources */ = {isa = PBXBuildFile; fileRef = FADAB18620CDB71D0083D3A4 /* Icon-100.png */; };
		FADAB1A520CDB71D0083D3A4 /* Icon-114.png in Resources */ = {isa = PBXBuildFile; fileRef = FADAB18720CDB71D0083D3A4 /* Icon-114.png */; };
		FADAB1A620CDB71D0083D3A4 /* Icon-32.png in Resources */ = {isa = PBXBuildFile; fileRef = FADAB18820CDB71D0083D3A4 /* Icon-32.png */; };
		FADAB1A720CDB71D0083D3A4 /* Icon-512.png in Resources */ = {isa = PBXBuildFile; fileRef = FADAB18920CDB71D0083D3A4 /* Icon-512.png */; };
/* End PBXBuildFile section */

/* Begin PBXFileReference section */
		FA1BFB9720FAA42C003C1324 /* InitialDataTableViewController.swift */ = {isa = PBXFileReference; lastKnownFileType = sourcecode.swift; path = InitialDataTableViewController.swift; sourceTree = "<group>"; };
		FA1BFB9B20FAB391003C1324 /* MainTabBarController.swift */ = {isa = PBXFileReference; lastKnownFileType = sourcecode.swift; path = MainTabBarController.swift; sourceTree = "<group>"; };
		FA6757F820FDFC8E0009A848 /* UserDataViewController.swift */ = {isa = PBXFileReference; lastKnownFileType = sourcecode.swift; path = UserDataViewController.swift; sourceTree = "<group>"; };
		FA6757FB2100EEAD0009A848 /* UserData.swift */ = {isa = PBXFileReference; lastKnownFileType = sourcecode.swift; path = UserData.swift; sourceTree = "<group>"; };
		FAC91D2F20CD890000E301B2 /* Fit4Life.app */ = {isa = PBXFileReference; explicitFileType = wrapper.application; includeInIndex = 0; path = Fit4Life.app; sourceTree = BUILT_PRODUCTS_DIR; };
		FAC91D3220CD890000E301B2 /* AppDelegate.swift */ = {isa = PBXFileReference; lastKnownFileType = sourcecode.swift; path = AppDelegate.swift; sourceTree = "<group>"; };
		FAC91D3720CD890000E301B2 /* Base */ = {isa = PBXFileReference; lastKnownFileType = file.storyboard; name = Base; path = Base.lproj/Main.storyboard; sourceTree = "<group>"; };
		FAC91D3A20CD890000E301B2 /* Fit4Life.xcdatamodel */ = {isa = PBXFileReference; lastKnownFileType = wrapper.xcdatamodel; path = Fit4Life.xcdatamodel; sourceTree = "<group>"; };
		FAC91D3C20CD890100E301B2 /* Assets.xcassets */ = {isa = PBXFileReference; lastKnownFileType = folder.assetcatalog; path = Assets.xcassets; sourceTree = "<group>"; };
		FAC91D3F20CD890100E301B2 /* Base */ = {isa = PBXFileReference; lastKnownFileType = file.storyboard; name = Base; path = Base.lproj/LaunchScreen.storyboard; sourceTree = "<group>"; };
		FAC91D4120CD890100E301B2 /* Info.plist */ = {isa = PBXFileReference; lastKnownFileType = text.plist.xml; path = Info.plist; sourceTree = "<group>"; };
		FADAB16C20CDB71D0083D3A4 /* Icon-29.png */ = {isa = PBXFileReference; lastKnownFileType = image.png; path = "Icon-29.png"; sourceTree = "<group>"; };
		FADAB16D20CDB71D0083D3A4 /* Icon-16.png */ = {isa = PBXFileReference; lastKnownFileType = image.png; path = "Icon-16.png"; sourceTree = "<group>"; };
		FADAB16E20CDB71D0083D3A4 /* Icon-256.png */ = {isa = PBXFileReference; lastKnownFileType = image.png; path = "Icon-256.png"; sourceTree = "<group>"; };
		FADAB16F20CDB71D0083D3A4 /* Icon-120.png */ = {isa = PBXFileReference; lastKnownFileType = image.png; path = "Icon-120.png"; sourceTree = "<group>"; };
		FADAB17020CDB71D0083D3A4 /* Icon-88.png */ = {isa = PBXFileReference; lastKnownFileType = image.png; path = "Icon-88.png"; sourceTree = "<group>"; };
		FADAB17120CDB71D0083D3A4 /* Icon-144.png */ = {isa = PBXFileReference; lastKnownFileType = image.png; path = "Icon-144.png"; sourceTree = "<group>"; };
		FADAB17220CDB71D0083D3A4 /* Icon-76.png */ = {isa = PBXFileReference; lastKnownFileType = image.png; path = "Icon-76.png"; sourceTree = "<group>"; };
		FADAB17320CDB71D0083D3A4 /* Icon-60.png */ = {isa = PBXFileReference; lastKnownFileType = image.png; path = "Icon-60.png"; sourceTree = "<group>"; };
		FADAB17420CDB71D0083D3A4 /* Icon-48.png */ = {isa = PBXFileReference; lastKnownFileType = image.png; path = "Icon-48.png"; sourceTree = "<group>"; };
		FADAB17520CDB71D0083D3A4 /* Icon-1024.png */ = {isa = PBXFileReference; lastKnownFileType = image.png; path = "Icon-1024.png"; sourceTree = "<group>"; };
		FADAB17620CDB71D0083D3A4 /* Icon-152.png */ = {isa = PBXFileReference; lastKnownFileType = image.png; path = "Icon-152.png"; sourceTree = "<group>"; };
		FADAB17720CDB71D0083D3A4 /* Icon-180.png */ = {isa = PBXFileReference; lastKnownFileType = image.png; path = "Icon-180.png"; sourceTree = "<group>"; };
		FADAB17820CDB71D0083D3A4 /* Icon-64.png */ = {isa = PBXFileReference; lastKnownFileType = image.png; path = "Icon-64.png"; sourceTree = "<group>"; };
		FADAB17920CDB71D0083D3A4 /* Icon-58.png */ = {isa = PBXFileReference; lastKnownFileType = image.png; path = "Icon-58.png"; sourceTree = "<group>"; };
		FADAB17A20CDB71D0083D3A4 /* Icon-72.png */ = {isa = PBXFileReference; lastKnownFileType = image.png; path = "Icon-72.png"; sourceTree = "<group>"; };
		FADAB17B20CDB71D0083D3A4 /* Icon-196.png */ = {isa = PBXFileReference; lastKnownFileType = image.png; path = "Icon-196.png"; sourceTree = "<group>"; };
		FADAB17C20CDB71D0083D3A4 /* Icon-80.png */ = {isa = PBXFileReference; lastKnownFileType = image.png; path = "Icon-80.png"; sourceTree = "<group>"; };
		FADAB17D20CDB71D0083D3A4 /* Icon-57.png */ = {isa = PBXFileReference; lastKnownFileType = image.png; path = "Icon-57.png"; sourceTree = "<group>"; };
		FADAB17E20CDB71D0083D3A4 /* Icon-55.png */ = {isa = PBXFileReference; lastKnownFileType = image.png; path = "Icon-55.png"; sourceTree = "<group>"; };
		FADAB17F20CDB71D0083D3A4 /* Icon-172.png */ = {isa = PBXFileReference; lastKnownFileType = image.png; path = "Icon-172.png"; sourceTree = "<group>"; };
		FADAB18020CDB71D0083D3A4 /* Icon-167.png */ = {isa = PBXFileReference; lastKnownFileType = image.png; path = "Icon-167.png"; sourceTree = "<group>"; };
		FADAB18120CDB71D0083D3A4 /* Icon-40.png */ = {isa = PBXFileReference; lastKnownFileType = image.png; path = "Icon-40.png"; sourceTree = "<group>"; };
		FADAB18220CDB71D0083D3A4 /* Icon-50.png */ = {isa = PBXFileReference; lastKnownFileType = image.png; path = "Icon-50.png"; sourceTree = "<group>"; };
		FADAB18320CDB71D0083D3A4 /* Icon-87.png */ = {isa = PBXFileReference; lastKnownFileType = image.png; path = "Icon-87.png"; sourceTree = "<group>"; };
		FADAB18420CDB71D0083D3A4 /* Icon-20.png */ = {isa = PBXFileReference; lastKnownFileType = image.png; path = "Icon-20.png"; sourceTree = "<group>"; };
		FADAB18520CDB71D0083D3A4 /* Icon-128.png */ = {isa = PBXFileReference; lastKnownFileType = image.png; path = "Icon-128.png"; sourceTree = "<group>"; };
		FADAB18620CDB71D0083D3A4 /* Icon-100.png */ = {isa = PBXFileReference; lastKnownFileType = image.png; path = "Icon-100.png"; sourceTree = "<group>"; };
		FADAB18720CDB71D0083D3A4 /* Icon-114.png */ = {isa = PBXFileReference; lastKnownFileType = image.png; path = "Icon-114.png"; sourceTree = "<group>"; };
		FADAB18820CDB71D0083D3A4 /* Icon-32.png */ = {isa = PBXFileReference; lastKnownFileType = image.png; path = "Icon-32.png"; sourceTree = "<group>"; };
		FADAB18920CDB71D0083D3A4 /* Icon-512.png */ = {isa = PBXFileReference; lastKnownFileType = image.png; path = "Icon-512.png"; sourceTree = "<group>"; };
/* End PBXFileReference section */

/* Begin PBXFrameworksBuildPhase section */
		FAC91D2C20CD890000E301B2 /* Frameworks */ = {
			isa = PBXFrameworksBuildPhase;
			buildActionMask = 2147483647;
			files = (
			);
			runOnlyForDeploymentPostprocessing = 0;
		};
/* End PBXFrameworksBuildPhase section */

/* Begin PBXGroup section */
		FA1BFB9620FAA39E003C1324 /* Initial Data */ = {
			isa = PBXGroup;
			children = (
				FA1BFB9720FAA42C003C1324 /* InitialDataTableViewController.swift */,
			);
			path = "Initial Data";
			sourceTree = "<group>";
		};
		FA1BFB9920FAA89A003C1324 /* User Data&Settings */ = {
			isa = PBXGroup;
			children = (
				FA6757FB2100EEAD0009A848 /* UserData.swift */,
			);
			path = "User Data&Settings";
			sourceTree = "<group>";
		};
		FAC91D2620CD890000E301B2 = {
			isa = PBXGroup;
			children = (
				FAC91D3120CD890000E301B2 /* Fit4Life */,
				FADAB16B20CDB71D0083D3A4 /* icons */,
				FAC91D3020CD890000E301B2 /* Products */,
			);
			sourceTree = "<group>";
		};
		FAC91D3020CD890000E301B2 /* Products */ = {
			isa = PBXGroup;
			children = (
				FAC91D2F20CD890000E301B2 /* Fit4Life.app */,
			);
			name = Products;
			sourceTree = "<group>";
		};
		FAC91D3120CD890000E301B2 /* Fit4Life */ = {
			isa = PBXGroup;
			children = (
				FA1BFB9620FAA39E003C1324 /* Initial Data */,
				FA1BFB9920FAA89A003C1324 /* User Data&Settings */,
				FAC91D3620CD890000E301B2 /* Main.storyboard */,
				FAC91D3C20CD890100E301B2 /* Assets.xcassets */,
				FA1BFB9B20FAB391003C1324 /* MainTabBarController.swift */,
				FAC91D3220CD890000E301B2 /* AppDelegate.swift */,
				FAC91D3E20CD890100E301B2 /* LaunchScreen.storyboard */,
				FAC91D4120CD890100E301B2 /* Info.plist */,
				FAC91D3920CD890000E301B2 /* Fit4Life.xcdatamodeld */,
				FAC91D4720CD895000E301B2 /* UserData */,
			);
			path = Fit4Life;
			sourceTree = "<group>";
		};
		FAC91D4720CD895000E301B2 /* UserData */ = {
			isa = PBXGroup;
			children = (
				FA6757F820FDFC8E0009A848 /* UserDataViewController.swift */,
			);
			path = UserData;
			sourceTree = "<group>";
		};
		FADAB16B20CDB71D0083D3A4 /* icons */ = {
			isa = PBXGroup;
			children = (
				FADAB16C20CDB71D0083D3A4 /* Icon-29.png */,
				FADAB16D20CDB71D0083D3A4 /* Icon-16.png */,
				FADAB16E20CDB71D0083D3A4 /* Icon-256.png */,
				FADAB16F20CDB71D0083D3A4 /* Icon-120.png */,
				FADAB17020CDB71D0083D3A4 /* Icon-88.png */,
				FADAB17120CDB71D0083D3A4 /* Icon-144.png */,
				FADAB17220CDB71D0083D3A4 /* Icon-76.png */,
				FADAB17320CDB71D0083D3A4 /* Icon-60.png */,
				FADAB17420CDB71D0083D3A4 /* Icon-48.png */,
				FADAB17520CDB71D0083D3A4 /* Icon-1024.png */,
				FADAB17620CDB71D0083D3A4 /* Icon-152.png */,
				FADAB17720CDB71D0083D3A4 /* Icon-180.png */,
				FADAB17820CDB71D0083D3A4 /* Icon-64.png */,
				FADAB17920CDB71D0083D3A4 /* Icon-58.png */,
				FADAB17A20CDB71D0083D3A4 /* Icon-72.png */,
				FADAB17B20CDB71D0083D3A4 /* Icon-196.png */,
				FADAB17C20CDB71D0083D3A4 /* Icon-80.png */,
				FADAB17D20CDB71D0083D3A4 /* Icon-57.png */,
				FADAB17E20CDB71D0083D3A4 /* Icon-55.png */,
				FADAB17F20CDB71D0083D3A4 /* Icon-172.png */,
				FADAB18020CDB71D0083D3A4 /* Icon-167.png */,
				FADAB18120CDB71D0083D3A4 /* Icon-40.png */,
				FADAB18220CDB71D0083D3A4 /* Icon-50.png */,
				FADAB18320CDB71D0083D3A4 /* Icon-87.png */,
				FADAB18420CDB71D0083D3A4 /* Icon-20.png */,
				FADAB18520CDB71D0083D3A4 /* Icon-128.png */,
				FADAB18620CDB71D0083D3A4 /* Icon-100.png */,
				FADAB18720CDB71D0083D3A4 /* Icon-114.png */,
				FADAB18820CDB71D0083D3A4 /* Icon-32.png */,
				FADAB18920CDB71D0083D3A4 /* Icon-512.png */,
			);
			name = icons;
			path = ../Design/icons;
			sourceTree = "<group>";
		};
/* End PBXGroup section */

/* Begin PBXNativeTarget section */
		FAC91D2E20CD890000E301B2 /* Fit4Life */ = {
			isa = PBXNativeTarget;
			buildConfigurationList = FAC91D4420CD890100E301B2 /* Build configuration list for PBXNativeTarget "Fit4Life" */;
			buildPhases = (
				FAC91D2B20CD890000E301B2 /* Sources */,
				FAC91D2C20CD890000E301B2 /* Frameworks */,
				FAC91D2D20CD890000E301B2 /* Resources */,
			);
			buildRules = (
			);
			dependencies = (
			);
			name = Fit4Life;
			productName = Fit4Life;
			productReference = FAC91D2F20CD890000E301B2 /* Fit4Life.app */;
			productType = "com.apple.product-type.application";
		};
/* End PBXNativeTarget section */

/* Begin PBXProject section */
		FAC91D2720CD890000E301B2 /* Project object */ = {
			isa = PBXProject;
			attributes = {
				LastSwiftUpdateCheck = 0940;
				LastUpgradeCheck = 0940;
				ORGANIZATIONNAME = Alex;
				TargetAttributes = {
					FAC91D2E20CD890000E301B2 = {
						CreatedOnToolsVersion = 9.4;
					};
				};
			};
			buildConfigurationList = FAC91D2A20CD890000E301B2 /* Build configuration list for PBXProject "Fit4Life" */;
			compatibilityVersion = "Xcode 9.3";
			developmentRegion = en;
			hasScannedForEncodings = 0;
			knownRegions = (
				en,
				Base,
			);
			mainGroup = FAC91D2620CD890000E301B2;
			productRefGroup = FAC91D3020CD890000E301B2 /* Products */;
			projectDirPath = "";
			projectRoot = "";
			targets = (
				FAC91D2E20CD890000E301B2 /* Fit4Life */,
			);
		};
/* End PBXProject section */

/* Begin PBXResourcesBuildPhase section */
		FAC91D2D20CD890000E301B2 /* Resources */ = {
			isa = PBXResourcesBuildPhase;
			buildActionMask = 2147483647;
			files = (
				FADAB18D20CDB71D0083D3A4 /* Icon-120.png in Resources */,
				FADAB1A020CDB71D0083D3A4 /* Icon-50.png in Resources */,
				FAC91D4020CD890100E301B2 /* LaunchScreen.storyboard in Resources */,
				FADAB19C20CDB71D0083D3A4 /* Icon-55.png in Resources */,
				FADAB19D20CDB71D0083D3A4 /* Icon-172.png in Resources */,
				FAC91D3D20CD890100E301B2 /* Assets.xcassets in Resources */,
				FADAB1A320CDB71D0083D3A4 /* Icon-128.png in Resources */,
				FAC91D3820CD890000E301B2 /* Main.storyboard in Resources */,
				FADAB19120CDB71D0083D3A4 /* Icon-60.png in Resources */,
				FADAB18E20CDB71D0083D3A4 /* Icon-88.png in Resources */,
				FADAB1A720CDB71D0083D3A4 /* Icon-512.png in Resources */,
				FADAB18A20CDB71D0083D3A4 /* Icon-29.png in Resources */,
				FADAB18C20CDB71D0083D3A4 /* Icon-256.png in Resources */,
				FADAB19220CDB71D0083D3A4 /* Icon-48.png in Resources */,
				FADAB19420CDB71D0083D3A4 /* Icon-152.png in Resources */,
				FADAB19320CDB71D0083D3A4 /* Icon-1024.png in Resources */,
				FADAB19B20CDB71D0083D3A4 /* Icon-57.png in Resources */,
				FADAB19920CDB71D0083D3A4 /* Icon-196.png in Resources */,
				FADAB19820CDB71D0083D3A4 /* Icon-72.png in Resources */,
				FADAB19020CDB71D0083D3A4 /* Icon-76.png in Resources */,
				FADAB18F20CDB71D0083D3A4 /* Icon-144.png in Resources */,
				FADAB19720CDB71D0083D3A4 /* Icon-58.png in Resources */,
				FADAB19E20CDB71D0083D3A4 /* Icon-167.png in Resources */,
				FADAB19A20CDB71D0083D3A4 /* Icon-80.png in Resources */,
				FADAB1A220CDB71D0083D3A4 /* Icon-20.png in Resources */,
				FADAB19520CDB71D0083D3A4 /* Icon-180.png in Resources */,
				FADAB1A620CDB71D0083D3A4 /* Icon-32.png in Resources */,
				FADAB19620CDB71D0083D3A4 /* Icon-64.png in Resources */,
				FADAB18B20CDB71D0083D3A4 /* Icon-16.png in Resources */,
				FADAB19F20CDB71D0083D3A4 /* Icon-40.png in Resources */,
				FADAB1A420CDB71D0083D3A4 /* Icon-100.png in Resources */,
				FADAB1A120CDB71D0083D3A4 /* Icon-87.png in Resources */,
				FADAB1A520CDB71D0083D3A4 /* Icon-114.png in Resources */,
			);
			runOnlyForDeploymentPostprocessing = 0;
		};
/* End PBXResourcesBuildPhase section */

/* Begin PBXSourcesBuildPhase section */
		FAC91D2B20CD890000E301B2 /* Sources */ = {
			isa = PBXSourcesBuildPhase;
			buildActionMask = 2147483647;
			files = (
				FA6757FC2100EEAD0009A848 /* UserData.swift in Sources */,
				FA1BFB9820FAA42C003C1324 /* InitialDataTableViewController.swift in Sources */,
				FA1BFB9C20FAB391003C1324 /* MainTabBarController.swift in Sources */,
				FA6757F920FDFC8E0009A848 /* UserDataViewController.swift in Sources */,
				FAC91D3B20CD890000E301B2 /* Fit4Life.xcdatamodeld in Sources */,
				FAC91D3320CD890000E301B2 /* AppDelegate.swift in Sources */,
			);
			runOnlyForDeploymentPostprocessing = 0;
		};
/* End PBXSourcesBuildPhase section */

/* Begin PBXVariantGroup section */
		FAC91D3620CD890000E301B2 /* Main.storyboard */ = {
			isa = PBXVariantGroup;
			children = (
				FAC91D3720CD890000E301B2 /* Base */,
			);
			name = Main.storyboard;
			sourceTree = "<group>";
		};
		FAC91D3E20CD890100E301B2 /* LaunchScreen.storyboard */ = {
			isa = PBXVariantGroup;
			children = (
				FAC91D3F20CD890100E301B2 /* Base */,
			);
			name = LaunchScreen.storyboard;
			sourceTree = "<group>";
		};
/* End PBXVariantGroup section */

/* Begin XCBuildConfiguration section */
		FAC91D4220CD890100E301B2 /* Debug */ = {
			isa = XCBuildConfiguration;
			buildSettings = {
				ALWAYS_SEARCH_USER_PATHS = NO;
				CLANG_ANALYZER_NONNULL = YES;
				CLANG_ANALYZER_NUMBER_OBJECT_CONVERSION = YES_AGGRESSIVE;
				CLANG_CXX_LANGUAGE_STANDARD = "gnu++14";
				CLANG_CXX_LIBRARY = "libc++";
				CLANG_ENABLE_MODULES = YES;
				CLANG_ENABLE_OBJC_ARC = YES;
				CLANG_ENABLE_OBJC_WEAK = YES;
				CLANG_WARN_BLOCK_CAPTURE_AUTORELEASING = YES;
				CLANG_WARN_BOOL_CONVERSION = YES;
				CLANG_WARN_COMMA = YES;
				CLANG_WARN_CONSTANT_CONVERSION = YES;
				CLANG_WARN_DEPRECATED_OBJC_IMPLEMENTATIONS = YES;
				CLANG_WARN_DIRECT_OBJC_ISA_USAGE = YES_ERROR;
				CLANG_WARN_DOCUMENTATION_COMMENTS = YES;
				CLANG_WARN_EMPTY_BODY = YES;
				CLANG_WARN_ENUM_CONVERSION = YES;
				CLANG_WARN_INFINITE_RECURSION = YES;
				CLANG_WARN_INT_CONVERSION = YES;
				CLANG_WARN_NON_LITERAL_NULL_CONVERSION = YES;
				CLANG_WARN_OBJC_IMPLICIT_RETAIN_SELF = YES;
				CLANG_WARN_OBJC_LITERAL_CONVERSION = YES;
				CLANG_WARN_OBJC_ROOT_CLASS = YES_ERROR;
				CLANG_WARN_RANGE_LOOP_ANALYSIS = YES;
				CLANG_WARN_STRICT_PROTOTYPES = YES;
				CLANG_WARN_SUSPICIOUS_MOVE = YES;
				CLANG_WARN_UNGUARDED_AVAILABILITY = YES_AGGRESSIVE;
				CLANG_WARN_UNREACHABLE_CODE = YES;
				CLANG_WARN__DUPLICATE_METHOD_MATCH = YES;
				CODE_SIGN_IDENTITY = "iPhone Developer";
				COPY_PHASE_STRIP = NO;
				DEBUG_INFORMATION_FORMAT = dwarf;
				ENABLE_STRICT_OBJC_MSGSEND = YES;
				ENABLE_TESTABILITY = YES;
				GCC_C_LANGUAGE_STANDARD = gnu11;
				GCC_DYNAMIC_NO_PIC = NO;
				GCC_NO_COMMON_BLOCKS = YES;
				GCC_OPTIMIZATION_LEVEL = 0;
				GCC_PREPROCESSOR_DEFINITIONS = (
					"DEBUG=1",
					"$(inherited)",
				);
				GCC_WARN_64_TO_32_BIT_CONVERSION = YES;
				GCC_WARN_ABOUT_RETURN_TYPE = YES_ERROR;
				GCC_WARN_UNDECLARED_SELECTOR = YES;
				GCC_WARN_UNINITIALIZED_AUTOS = YES_AGGRESSIVE;
				GCC_WARN_UNUSED_FUNCTION = YES;
				GCC_WARN_UNUSED_VARIABLE = YES;
				IPHONEOS_DEPLOYMENT_TARGET = 11.4;
				MTL_ENABLE_DEBUG_INFO = YES;
				ONLY_ACTIVE_ARCH = YES;
				SDKROOT = iphoneos;
				SWIFT_ACTIVE_COMPILATION_CONDITIONS = DEBUG;
				SWIFT_OPTIMIZATION_LEVEL = "-Onone";
			};
			name = Debug;
		};
		FAC91D4320CD890100E301B2 /* Release */ = {
			isa = XCBuildConfiguration;
			buildSettings = {
				ALWAYS_SEARCH_USER_PATHS = NO;
				CLANG_ANALYZER_NONNULL = YES;
				CLANG_ANALYZER_NUMBER_OBJECT_CONVERSION = YES_AGGRESSIVE;
				CLANG_CXX_LANGUAGE_STANDARD = "gnu++14";
				CLANG_CXX_LIBRARY = "libc++";
				CLANG_ENABLE_MODULES = YES;
				CLANG_ENABLE_OBJC_ARC = YES;
				CLANG_ENABLE_OBJC_WEAK = YES;
				CLANG_WARN_BLOCK_CAPTURE_AUTORELEASING = YES;
				CLANG_WARN_BOOL_CONVERSION = YES;
				CLANG_WARN_COMMA = YES;
				CLANG_WARN_CONSTANT_CONVERSION = YES;
				CLANG_WARN_DEPRECATED_OBJC_IMPLEMENTATIONS = YES;
				CLANG_WARN_DIRECT_OBJC_ISA_USAGE = YES_ERROR;
				CLANG_WARN_DOCUMENTATION_COMMENTS = YES;
				CLANG_WARN_EMPTY_BODY = YES;
				CLANG_WARN_ENUM_CONVERSION = YES;
				CLANG_WARN_INFINITE_RECURSION = YES;
				CLANG_WARN_INT_CONVERSION = YES;
				CLANG_WARN_NON_LITERAL_NULL_CONVERSION = YES;
				CLANG_WARN_OBJC_IMPLICIT_RETAIN_SELF = YES;
				CLANG_WARN_OBJC_LITERAL_CONVERSION = YES;
				CLANG_WARN_OBJC_ROOT_CLASS = YES_ERROR;
				CLANG_WARN_RANGE_LOOP_ANALYSIS = YES;
				CLANG_WARN_STRICT_PROTOTYPES = YES;
				CLANG_WARN_SUSPICIOUS_MOVE = YES;
				CLANG_WARN_UNGUARDED_AVAILABILITY = YES_AGGRESSIVE;
				CLANG_WARN_UNREACHABLE_CODE = YES;
				CLANG_WARN__DUPLICATE_METHOD_MATCH = YES;
				CODE_SIGN_IDENTITY = "iPhone Developer";
				COPY_PHASE_STRIP = NO;
				DEBUG_INFORMATION_FORMAT = "dwarf-with-dsym";
				ENABLE_NS_ASSERTIONS = NO;
				ENABLE_STRICT_OBJC_MSGSEND = YES;
				GCC_C_LANGUAGE_STANDARD = gnu11;
				GCC_NO_COMMON_BLOCKS = YES;
				GCC_WARN_64_TO_32_BIT_CONVERSION = YES;
				GCC_WARN_ABOUT_RETURN_TYPE = YES_ERROR;
				GCC_WARN_UNDECLARED_SELECTOR = YES;
				GCC_WARN_UNINITIALIZED_AUTOS = YES_AGGRESSIVE;
				GCC_WARN_UNUSED_FUNCTION = YES;
				GCC_WARN_UNUSED_VARIABLE = YES;
				IPHONEOS_DEPLOYMENT_TARGET = 11.4;
				MTL_ENABLE_DEBUG_INFO = NO;
				SDKROOT = iphoneos;
				SWIFT_COMPILATION_MODE = wholemodule;
				SWIFT_OPTIMIZATION_LEVEL = "-O";
				VALIDATE_PRODUCT = YES;
			};
			name = Release;
		};
		FAC91D4520CD890100E301B2 /* Debug */ = {
			isa = XCBuildConfiguration;
			buildSettings = {
				ASSETCATALOG_COMPILER_APPICON_NAME = AppIcon;
				CODE_SIGN_STYLE = Automatic;
				DEVELOPMENT_TEAM = 663DYMD95T;
				INFOPLIST_FILE = Fit4Life/Info.plist;
				LD_RUNPATH_SEARCH_PATHS = (
					"$(inherited)",
					"@executable_path/Frameworks",
				);
				PRODUCT_BUNDLE_IDENTIFIER = com.private.Fit4Life;
				PRODUCT_NAME = "$(TARGET_NAME)";
				SWIFT_VERSION = 4.0;
				TARGETED_DEVICE_FAMILY = "1,2";
			};
			name = Debug;
		};
		FAC91D4620CD890100E301B2 /* Release */ = {
			isa = XCBuildConfiguration;
			buildSettings = {
				ASSETCATALOG_COMPILER_APPICON_NAME = AppIcon;
				CODE_SIGN_STYLE = Automatic;
				DEVELOPMENT_TEAM = 663DYMD95T;
				INFOPLIST_FILE = Fit4Life/Info.plist;
				LD_RUNPATH_SEARCH_PATHS = (
					"$(inherited)",
					"@executable_path/Frameworks",
				);
				PRODUCT_BUNDLE_IDENTIFIER = com.private.Fit4Life;
				PRODUCT_NAME = "$(TARGET_NAME)";
				SWIFT_VERSION = 4.0;
				TARGETED_DEVICE_FAMILY = "1,2";
			};
			name = Release;
		};
/* End XCBuildConfiguration section */

/* Begin XCConfigurationList section */
		FAC91D2A20CD890000E301B2 /* Build configuration list for PBXProject "Fit4Life" */ = {
			isa = XCConfigurationList;
			buildConfigurations = (
				FAC91D4220CD890100E301B2 /* Debug */,
				FAC91D4320CD890100E301B2 /* Release */,
			);
			defaultConfigurationIsVisible = 0;
			defaultConfigurationName = Release;
		};
		FAC91D4420CD890100E301B2 /* Build configuration list for PBXNativeTarget "Fit4Life" */ = {
			isa = XCConfigurationList;
			buildConfigurations = (
				FAC91D4520CD890100E301B2 /* Debug */,
				FAC91D4620CD890100E301B2 /* Release */,
			);
			defaultConfigurationIsVisible = 0;
			defaultConfigurationName = Release;
		};
/* End XCConfigurationList section */

/* Begin XCVersionGroup section */
		FAC91D3920CD890000E301B2 /* Fit4Life.xcdatamodeld */ = {
			isa = XCVersionGroup;
			children = (
				FAC91D3A20CD890000E301B2 /* Fit4Life.xcdatamodel */,
			);
			currentVersion = FAC91D3A20CD890000E301B2 /* Fit4Life.xcdatamodel */;
			path = Fit4Life.xcdatamodeld;
			sourceTree = "<group>";
			versionGroupType = wrapper.xcdatamodel;
		};
/* End XCVersionGroup section */
	};
	rootObject = FAC91D2720CD890000E301B2 /* Project object */;
}
